
Microsoft Visual Studio Solution File, Format Version 12.00
# Visual Studio Version 16
VisualStudioVersion = 16.0.31424.327
MinimumVisualStudioVersion = 10.0.40219.1
Project("{FAE04EC0-301F-11D3-BF4B-00C04F79EFBC}") = "AdvancedTopics", "AdvancedTopics.csproj", "{DF680B66-DF91-45B2-8688-91B2BDD684F1}"
EndProject
Global
	GlobalSection(SolutionConfigurationPlatforms) = preSolution
		Debug|Any CPU = Debug|Any CPU
		Release|Any CPU = Release|Any CPU
	EndGlobalSection
	GlobalSection(ProjectConfigurationPlatforms) = postSolution
		{DF680B66-DF91-45B2-8688-91B2BDD684F1}.Debug|Any CPU.ActiveCfg = Debug|Any CPU
		{DF680B66-DF91-45B2-8688-91B2BDD684F1}.Debug|Any CPU.Build.0 = Debug|Any CPU
		{DF680B66-DF91-45B2-8688-91B2BDD684F1}.Release|Any CPU.ActiveCfg = Release|Any CPU
		{DF680B66-DF91-45B2-8688-91B2BDD684F1}.Release|Any CPU.Build.0 = Release|Any CPU
	EndGlobalSection
	GlobalSection(SolutionProperties) = preSolution
		HideSolutionNode = FALSE
	EndGlobalSection
	GlobalSection(ExtensibilityGlobals) = postSolution
		SolutionGuid = {1248F7BF-C082-4AF8-A8C8-8CDEBC45918D}
	EndGlobalSection
EndGlobal
