
Microsoft Visual Studio Solution File, Format Version 12.00
# Visual Studio Version 16
VisualStudioVersion = 16.0.31424.327
MinimumVisualStudioVersion = 10.0.40219.1
Project("{FAE04EC0-301F-11D3-BF4B-00C04F79EFBC}") = "02Control", "02Control.csproj", "{63FB8F14-EB35-49A7-84B8-765BB1CDFFE9}"
EndProject
Global
	GlobalSection(SolutionConfigurationPlatforms) = preSolution
		Debug|Any CPU = Debug|Any CPU
		Release|Any CPU = Release|Any CPU
	EndGlobalSection
	GlobalSection(ProjectConfigurationPlatforms) = postSolution
		{63FB8F14-EB35-49A7-84B8-765BB1CDFFE9}.Debug|Any CPU.ActiveCfg = Debug|Any CPU
		{63FB8F14-EB35-49A7-84B8-765BB1CDFFE9}.Debug|Any CPU.Build.0 = Debug|Any CPU
		{63FB8F14-EB35-49A7-84B8-765BB1CDFFE9}.Release|Any CPU.ActiveCfg = Release|Any CPU
		{63FB8F14-EB35-49A7-84B8-765BB1CDFFE9}.Release|Any CPU.Build.0 = Release|Any CPU
	EndGlobalSection
	GlobalSection(SolutionProperties) = preSolution
		HideSolutionNode = FALSE
	EndGlobalSection
	GlobalSection(ExtensibilityGlobals) = postSolution
		SolutionGuid = {8DFC11AD-B494-4E12-A9BA-0D2175ABE8FB}
	EndGlobalSection
EndGlobal
