
Microsoft Visual Studio Solution File, Format Version 12.00
# Visual Studio Version 16
VisualStudioVersion = 16.0.31424.327
MinimumVisualStudioVersion = 10.0.40219.1
Project("{FAE04EC0-301F-11D3-BF4B-00C04F79EFBC}") = "Inheritance", "Inheritance.csproj", "{655CC6DC-DFF8-458E-868F-3A37FA5F07AF}"
EndProject
Global
	GlobalSection(SolutionConfigurationPlatforms) = preSolution
		Debug|Any CPU = Debug|Any CPU
		Release|Any CPU = Release|Any CPU
	EndGlobalSection
	GlobalSection(ProjectConfigurationPlatforms) = postSolution
		{655CC6DC-DFF8-458E-868F-3A37FA5F07AF}.Debug|Any CPU.ActiveCfg = Debug|Any CPU
		{655CC6DC-DFF8-458E-868F-3A37FA5F07AF}.Debug|Any CPU.Build.0 = Debug|Any CPU
		{655CC6DC-DFF8-458E-868F-3A37FA5F07AF}.Release|Any CPU.ActiveCfg = Release|Any CPU
		{655CC6DC-DFF8-458E-868F-3A37FA5F07AF}.Release|Any CPU.Build.0 = Release|Any CPU
	EndGlobalSection
	GlobalSection(SolutionProperties) = preSolution
		HideSolutionNode = FALSE
	EndGlobalSection
	GlobalSection(ExtensibilityGlobals) = postSolution
		SolutionGuid = {F8907599-D87A-4AD5-B46D-8F48E9A4C6F6}
	EndGlobalSection
EndGlobal
