
Microsoft Visual Studio Solution File, Format Version 12.00
# Visual Studio Version 16
VisualStudioVersion = 16.0.31424.327
MinimumVisualStudioVersion = 10.0.40219.1
Project("{FAE04EC0-301F-11D3-BF4B-00C04F79EFBC}") = "Interfaces", "Interfaces.csproj", "{292C6346-45B8-4FE6-92EA-D74CA44B8C1D}"
EndProject
Global
	GlobalSection(SolutionConfigurationPlatforms) = preSolution
		Debug|Any CPU = Debug|Any CPU
		Release|Any CPU = Release|Any CPU
	EndGlobalSection
	GlobalSection(ProjectConfigurationPlatforms) = postSolution
		{292C6346-45B8-4FE6-92EA-D74CA44B8C1D}.Debug|Any CPU.ActiveCfg = Debug|Any CPU
		{292C6346-45B8-4FE6-92EA-D74CA44B8C1D}.Debug|Any CPU.Build.0 = Debug|Any CPU
		{292C6346-45B8-4FE6-92EA-D74CA44B8C1D}.Release|Any CPU.ActiveCfg = Release|Any CPU
		{292C6346-45B8-4FE6-92EA-D74CA44B8C1D}.Release|Any CPU.Build.0 = Release|Any CPU
	EndGlobalSection
	GlobalSection(SolutionProperties) = preSolution
		HideSolutionNode = FALSE
	EndGlobalSection
	GlobalSection(ExtensibilityGlobals) = postSolution
		SolutionGuid = {49DF49EA-79D9-4EB9-BB50-85E5B3261067}
	EndGlobalSection
EndGlobal
